
Microsoft Visual Studio Solution File, Format Version 12.00
# Visual Studio Version 16
VisualStudioVersion = 16.0.31624.102
MinimumVisualStudioVersion = 10.0.40219.1
Project("{FAE04EC0-301F-11D3-BF4B-00C04F79EFBC}") = "UserData", "UserData\UserData.csproj", "{D5CCBDE2-C724-4398-A7B1-20DDBD8C9316}"
EndProject
Project("{FAE04EC0-301F-11D3-BF4B-00C04F79EFBC}") = "UserAge", "UserAge\UserAge.csproj", "{6BC21C9B-7088-4C92-9569-F10C18884020}"
EndProject
Project("{FAE04EC0-301F-11D3-BF4B-00C04F79EFBC}") = "InstagramAgeCheck", "InstagramAgeCheck\InstagramAgeCheck.csproj", "{809F048F-883E-47AC-AE32-1C0A91EC0112}"
EndProject
Project("{FAE04EC0-301F-11D3-BF4B-00C04F79EFBC}") = "DrivingLisence", "DrivingLisence\DrivingLisence.csproj", "{9CD2F670-677F-45D8-865F-34D739A14E36}"
EndProject
Global
	GlobalSection(SolutionConfigurationPlatforms) = preSolution
		Debug|Any CPU = Debug|Any CPU
		Release|Any CPU = Release|Any CPU
	EndGlobalSection
	GlobalSection(ProjectConfigurationPlatforms) = postSolution
		{D5CCBDE2-C724-4398-A7B1-20DDBD8C9316}.Debug|Any CPU.ActiveCfg = Debug|Any CPU
		{D5CCBDE2-C724-4398-A7B1-20DDBD8C9316}.Debug|Any CPU.Build.0 = Debug|Any CPU
		{D5CCBDE2-C724-4398-A7B1-20DDBD8C9316}.Release|Any CPU.ActiveCfg = Release|Any CPU
		{D5CCBDE2-C724-4398-A7B1-20DDBD8C9316}.Release|Any CPU.Build.0 = Release|Any CPU
		{6BC21C9B-7088-4C92-9569-F10C18884020}.Debug|Any CPU.ActiveCfg = Debug|Any CPU
		{6BC21C9B-7088-4C92-9569-F10C18884020}.Debug|Any CPU.Build.0 = Debug|Any CPU
		{6BC21C9B-7088-4C92-9569-F10C18884020}.Release|Any CPU.ActiveCfg = Release|Any CPU
		{6BC21C9B-7088-4C92-9569-F10C18884020}.Release|Any CPU.Build.0 = Release|Any CPU
		{809F048F-883E-47AC-AE32-1C0A91EC0112}.Debug|Any CPU.ActiveCfg = Debug|Any CPU
		{809F048F-883E-47AC-AE32-1C0A91EC0112}.Debug|Any CPU.Build.0 = Debug|Any CPU
		{809F048F-883E-47AC-AE32-1C0A91EC0112}.Release|Any CPU.ActiveCfg = Release|Any CPU
		{809F048F-883E-47AC-AE32-1C0A91EC0112}.Release|Any CPU.Build.0 = Release|Any CPU
		{9CD2F670-677F-45D8-865F-34D739A14E36}.Debug|Any CPU.ActiveCfg = Debug|Any CPU
		{9CD2F670-677F-45D8-865F-34D739A14E36}.Debug|Any CPU.Build.0 = Debug|Any CPU
		{9CD2F670-677F-45D8-865F-34D739A14E36}.Release|Any CPU.ActiveCfg = Release|Any CPU
		{9CD2F670-677F-45D8-865F-34D739A14E36}.Release|Any CPU.Build.0 = Release|Any CPU
	EndGlobalSection
	GlobalSection(SolutionProperties) = preSolution
		HideSolutionNode = FALSE
	EndGlobalSection
	GlobalSection(ExtensibilityGlobals) = postSolution
		SolutionGuid = {741AC846-C00A-4FD8-B717-35E12D0397EC}
	EndGlobalSection
EndGlobal
